
Microsoft Visual Studio Solution File, Format Version 12.00
# Visual Studio 15
VisualStudioVersion = 15.0.28307.757
MinimumVisualStudioVersion = 10.0.40219.1
Project("{FAE04EC0-301F-11D3-BF4B-00C04F79EFBC}") = "Proximamente", "Proximamente\Proximamente.csproj", "{6F64718D-7CA3-443A-8628-41CACD9CD4FE}"
EndProject
Global
	GlobalSection(SolutionConfigurationPlatforms) = preSolution
		Debug|Any CPU = Debug|Any CPU
		Release|Any CPU = Release|Any CPU
	EndGlobalSection
	GlobalSection(ProjectConfigurationPlatforms) = postSolution
		{6F64718D-7CA3-443A-8628-41CACD9CD4FE}.Debug|Any CPU.ActiveCfg = Debug|Any CPU
		{6F64718D-7CA3-443A-8628-41CACD9CD4FE}.Debug|Any CPU.Build.0 = Debug|Any CPU
		{6F64718D-7CA3-443A-8628-41CACD9CD4FE}.Release|Any CPU.ActiveCfg = Release|Any CPU
		{6F64718D-7CA3-443A-8628-41CACD9CD4FE}.Release|Any CPU.Build.0 = Release|Any CPU
	EndGlobalSection
	GlobalSection(SolutionProperties) = preSolution
		HideSolutionNode = FALSE
	EndGlobalSection
	GlobalSection(ExtensibilityGlobals) = postSolution
		SolutionGuid = {7B9CAB20-EEDC-46DD-BEC4-4E1731928D84}
	EndGlobalSection
EndGlobal
